{
  "name": "ReadEase - Copy",
  "lockfileVersion": 2,
  "requires": true,
  "packages": {
    "": {
      "devDependencies": {
        "@types/textarea-caret": "^3.0.3"
      }
    },
    "node_modules/@types/textarea-caret": {
      "version": "3.0.3",
      "resolved": "https://registry.npmjs.org/@types/textarea-caret/-/textarea-caret-3.0.3.tgz",
      "integrity": "sha512-bsA9GdXV1wQsXyDjS5+A+czz8IAR3haH5DU+KctIoXbzobRL2NOiwF/+EbB7pofAyudMytLj4ihPtbmbJT8FWw==",
      "dev": true
    }
  },
  "dependencies": {
    "@types/textarea-caret": {
      "version": "3.0.3",
      "resolved": "https://registry.npmjs.org/@types/textarea-caret/-/textarea-caret-3.0.3.tgz",
      "integrity": "sha512-bsA9GdXV1wQsXyDjS5+A+czz8IAR3haH5DU+KctIoXbzobRL2NOiwF/+EbB7pofAyudMytLj4ihPtbmbJT8FWw==",
      "dev": true
    }
  }
}
